
Microsoft Visual Studio Solution File, Format Version 12.00
# Visual Studio 15
VisualStudioVersion = 15.0.28307.757
MinimumVisualStudioVersion = 10.0.40219.1
Project("{2150E333-8FDC-42A3-9474-1A3956D46DE8}") = "Web", "Web", "{142CD858-337F-4B50-A1CD-93277DC049F9}"
EndProject
Project("{FAE04EC0-301F-11D3-BF4B-00C04F79EFBC}") = "VueJs.Sample.Web", "Web\VueJs.Sample.Web\VueJs.Sample.Web.csproj", "{BC6C1993-DE51-41DF-85DD-E2BBB0C69B16}"
EndProject
Global
	GlobalSection(SolutionConfigurationPlatforms) = preSolution
		Debug|Any CPU = Debug|Any CPU
		Release|Any CPU = Release|Any CPU
	EndGlobalSection
	GlobalSection(ProjectConfigurationPlatforms) = postSolution
		{BC6C1993-DE51-41DF-85DD-E2BBB0C69B16}.Debug|Any CPU.ActiveCfg = Debug|Any CPU
		{BC6C1993-DE51-41DF-85DD-E2BBB0C69B16}.Debug|Any CPU.Build.0 = Debug|Any CPU
		{BC6C1993-DE51-41DF-85DD-E2BBB0C69B16}.Release|Any CPU.ActiveCfg = Release|Any CPU
		{BC6C1993-DE51-41DF-85DD-E2BBB0C69B16}.Release|Any CPU.Build.0 = Release|Any CPU
	EndGlobalSection
	GlobalSection(SolutionProperties) = preSolution
		HideSolutionNode = FALSE
	EndGlobalSection
	GlobalSection(NestedProjects) = preSolution
		{BC6C1993-DE51-41DF-85DD-E2BBB0C69B16} = {142CD858-337F-4B50-A1CD-93277DC049F9}
	EndGlobalSection
	GlobalSection(ExtensibilityGlobals) = postSolution
		SolutionGuid = {0B4FB24A-AF0A-44AA-82AC-CD2F1D679D7D}
	EndGlobalSection
EndGlobal
